
Microsoft Visual Studio Solution File, Format Version 12.00
# Visual Studio Version 16
VisualStudioVersion = 16.0.28922.388
MinimumVisualStudioVersion = 10.0.40219.1
Project("{9A19103F-16F7-4668-BE54-9A1E7A4F7556}") = "Monika.Cli", "Monika.Cli\Monika.Cli.csproj", "{7FBEA8CD-DDA5-4E00-B850-3C7E1F790277}"
EndProject
Project("{9A19103F-16F7-4668-BE54-9A1E7A4F7556}") = "Monika", "Monika\Monika.csproj", "{471217C0-B59C-4344-802A-FEB42F2DE996}"
EndProject
Project("{FAE04EC0-301F-11D3-BF4B-00C04F79EFBC}") = "Monika.Test", "Monika.Test\Monika.Test.csproj", "{8E51CD67-4DAB-4ACE-ABCB-4F531CBF1EDE}"
EndProject
Project("{FAE04EC0-301F-11D3-BF4B-00C04F79EFBC}") = "Monika.Gui", "Monika.Gui\Monika.Gui.csproj", "{35E231EF-2529-40D1-AC6B-50187DED89FF}"
EndProject
Global
	GlobalSection(SolutionConfigurationPlatforms) = preSolution
		Debug|Any CPU = Debug|Any CPU
		Release|Any CPU = Release|Any CPU
	EndGlobalSection
	GlobalSection(ProjectConfigurationPlatforms) = postSolution
		{7FBEA8CD-DDA5-4E00-B850-3C7E1F790277}.Debug|Any CPU.ActiveCfg = Debug|Any CPU
		{7FBEA8CD-DDA5-4E00-B850-3C7E1F790277}.Debug|Any CPU.Build.0 = Debug|Any CPU
		{7FBEA8CD-DDA5-4E00-B850-3C7E1F790277}.Release|Any CPU.ActiveCfg = Release|Any CPU
		{7FBEA8CD-DDA5-4E00-B850-3C7E1F790277}.Release|Any CPU.Build.0 = Release|Any CPU
		{471217C0-B59C-4344-802A-FEB42F2DE996}.Debug|Any CPU.ActiveCfg = Debug|Any CPU
		{471217C0-B59C-4344-802A-FEB42F2DE996}.Debug|Any CPU.Build.0 = Debug|Any CPU
		{471217C0-B59C-4344-802A-FEB42F2DE996}.Release|Any CPU.ActiveCfg = Release|Any CPU
		{471217C0-B59C-4344-802A-FEB42F2DE996}.Release|Any CPU.Build.0 = Release|Any CPU
		{8E51CD67-4DAB-4ACE-ABCB-4F531CBF1EDE}.Debug|Any CPU.ActiveCfg = Debug|Any CPU
		{8E51CD67-4DAB-4ACE-ABCB-4F531CBF1EDE}.Debug|Any CPU.Build.0 = Debug|Any CPU
		{8E51CD67-4DAB-4ACE-ABCB-4F531CBF1EDE}.Release|Any CPU.ActiveCfg = Release|Any CPU
		{8E51CD67-4DAB-4ACE-ABCB-4F531CBF1EDE}.Release|Any CPU.Build.0 = Release|Any CPU
		{35E231EF-2529-40D1-AC6B-50187DED89FF}.Debug|Any CPU.ActiveCfg = Debug|Any CPU
		{35E231EF-2529-40D1-AC6B-50187DED89FF}.Debug|Any CPU.Build.0 = Debug|Any CPU
		{35E231EF-2529-40D1-AC6B-50187DED89FF}.Release|Any CPU.ActiveCfg = Release|Any CPU
		{35E231EF-2529-40D1-AC6B-50187DED89FF}.Release|Any CPU.Build.0 = Release|Any CPU
	EndGlobalSection
	GlobalSection(SolutionProperties) = preSolution
		HideSolutionNode = FALSE
	EndGlobalSection
	GlobalSection(ExtensibilityGlobals) = postSolution
		SolutionGuid = {F475DA8F-17D7-4ACB-8392-927441EDE8BE}
	EndGlobalSection
EndGlobal
