
Microsoft Visual Studio Solution File, Format Version 12.00
# Visual Studio Version 16
VisualStudioVersion = 16.0.28922.388
MinimumVisualStudioVersion = 10.0.40219.1
Project("{FAE04EC0-301F-11D3-BF4B-00C04F79EFBC}") = "Monika", "Monika\Monika.csproj", "{7FBEA8CD-DDA5-4E00-B850-3C7E1F790277}"
EndProject
Project("{FAE04EC0-301F-11D3-BF4B-00C04F79EFBC}") = "MonikaTest", "MonikaTest\MonikaTest.csproj", "{D9F8866E-1A5A-473E-B853-420AA2A308E1}"
EndProject
Global
	GlobalSection(SolutionConfigurationPlatforms) = preSolution
		Debug|Any CPU = Debug|Any CPU
		Release|Any CPU = Release|Any CPU
	EndGlobalSection
	GlobalSection(ProjectConfigurationPlatforms) = postSolution
		{7FBEA8CD-DDA5-4E00-B850-3C7E1F790277}.Debug|Any CPU.ActiveCfg = Debug|Any CPU
		{7FBEA8CD-DDA5-4E00-B850-3C7E1F790277}.Debug|Any CPU.Build.0 = Debug|Any CPU
		{7FBEA8CD-DDA5-4E00-B850-3C7E1F790277}.Release|Any CPU.ActiveCfg = Release|Any CPU
		{7FBEA8CD-DDA5-4E00-B850-3C7E1F790277}.Release|Any CPU.Build.0 = Release|Any CPU
		{D9F8866E-1A5A-473E-B853-420AA2A308E1}.Debug|Any CPU.ActiveCfg = Debug|Any CPU
		{D9F8866E-1A5A-473E-B853-420AA2A308E1}.Debug|Any CPU.Build.0 = Debug|Any CPU
		{D9F8866E-1A5A-473E-B853-420AA2A308E1}.Release|Any CPU.ActiveCfg = Release|Any CPU
		{D9F8866E-1A5A-473E-B853-420AA2A308E1}.Release|Any CPU.Build.0 = Release|Any CPU
	EndGlobalSection
	GlobalSection(SolutionProperties) = preSolution
		HideSolutionNode = FALSE
	EndGlobalSection
	GlobalSection(ExtensibilityGlobals) = postSolution
		SolutionGuid = {F475DA8F-17D7-4ACB-8392-927441EDE8BE}
	EndGlobalSection
EndGlobal
